
Microsoft Visual Studio Solution File, Format Version 12.00
# Visual Studio Version 17
VisualStudioVersion = 17.8.34316.72
MinimumVisualStudioVersion = 10.0.40219.1
Project("{FAE04EC0-301F-11D3-BF4B-00C04F79EFBC}") = "ApiCursoNet", "ApiCursoNet\ApiCursoNet.csproj", "{9DFAFC2C-C83F-4FF9-B081-F2F8D87FC54D}"
EndProject
Global
	GlobalSection(SolutionConfigurationPlatforms) = preSolution
		Debug|Any CPU = Debug|Any CPU
		Release|Any CPU = Release|Any CPU
	EndGlobalSection
	GlobalSection(ProjectConfigurationPlatforms) = postSolution
		{9DFAFC2C-C83F-4FF9-B081-F2F8D87FC54D}.Debug|Any CPU.ActiveCfg = Debug|Any CPU
		{9DFAFC2C-C83F-4FF9-B081-F2F8D87FC54D}.Debug|Any CPU.Build.0 = Debug|Any CPU
		{9DFAFC2C-C83F-4FF9-B081-F2F8D87FC54D}.Release|Any CPU.ActiveCfg = Release|Any CPU
		{9DFAFC2C-C83F-4FF9-B081-F2F8D87FC54D}.Release|Any CPU.Build.0 = Release|Any CPU
	EndGlobalSection
	GlobalSection(SolutionProperties) = preSolution
		HideSolutionNode = FALSE
	EndGlobalSection
	GlobalSection(ExtensibilityGlobals) = postSolution
		SolutionGuid = {565CB8D3-4E3A-49C6-8904-F11A180874A5}
	EndGlobalSection
EndGlobal
